{
  "nodes": {
    "flake-utils": {
      "inputs": {
        "systems": "systems"
      },
      "locked": {
        "lastModified": 1710146030,
        "narHash": "sha256-SZ5L6eA7HJ/nmkzGG7/ISclqe6oZdOZTNoesiInkXPQ=",
        "owner": "numtide",
        "repo": "flake-utils",
        "rev": "b1d9ab70662946ef0850d488da1c9019f3a9752a",
        "type": "github"
      },
      "original": {
        "owner": "numtide",
        "repo": "flake-utils",
        "type": "github"
      }
    },
    "nixpkgs": {
      "locked": {
        "lastModified": 1720542800,
        "narHash": "sha256-ZgnNHuKV6h2+fQ5LuqnUaqZey1Lqqt5dTUAiAnqH0QQ=",
        "owner": "nixos",
        "repo": "nixpkgs",
        "rev": "feb2849fdeb70028c70d73b848214b00d324a497",
        "type": "github"
      },
      "original": {
        "owner": "nixos",
        "ref": "nixos-unstable",
        "repo": "nixpkgs",
        "type": "github"
      }
    },
    "pnpm2nix": {
      "inputs": {
        "flake-utils": [
          "flake-utils"
        ],
        "nixpkgs": [
          "nixpkgs"
        ]
      },
      "locked": {
        "lastModified": 1717937937,
        "narHash": "sha256-bKoHjG5P15vCVpDndIXFfoJC65XhrBPQ9GWcXtXNuDA=",
        "owner": "wrvsrx",
        "repo": "pnpm2nix-nzbr",
        "rev": "a2d285ad5718cb202f45e98a4f839a5b2608c4b1",
        "type": "github"
      },
      "original": {
        "owner": "wrvsrx",
        "ref": "adapt-to-v9",
        "repo": "pnpm2nix-nzbr",
        "type": "github"
      }
    },
    "replugged": {
      "flake": false,
      "locked": {
        "lastModified": 1720284566,
        "narHash": "sha256-if21zOGm/7lp+8TvE0s0eCTqldPAbBihhPo9CUZLD8M=",
        "owner": "replugged-org",
        "repo": "replugged",
        "rev": "706d24143a47a8c72cb1c25147f7508d40e31987",
        "type": "github"
      },
      "original": {
        "owner": "replugged-org",
        "repo": "replugged",
        "type": "github"
      }
    },
    "root": {
      "inputs": {
        "flake-utils": "flake-utils",
        "nixpkgs": "nixpkgs",
        "pnpm2nix": "pnpm2nix",
        "replugged": "replugged"
      }
    },
    "systems": {
      "locked": {
        "lastModified": 1681028828,
        "narHash": "sha256-Vy1rq5AaRuLzOxct8nz4T6wlgyUR7zLU309k9mBC768=",
        "owner": "nix-systems",
        "repo": "default",
        "rev": "da67096a3b9bf56a91d16901293e51ba5b49a27e",
        "type": "github"
      },
      "original": {
        "owner": "nix-systems",
        "repo": "default",
        "type": "github"
      }
    }
  },
  "root": "root",
  "version": 7
}
